// !$*UTF8*$!
{
	archiveVersion = 1;
	classes = {
	};
	objectVersion = 55;
	objects = {

/* Begin PBXBuildFile section */
		25993D9F2DA2795CC77C3F56 /* Pods_FlexStoryTests.framework in Frameworks */ = {isa = PBXBuildFile; fileRef = FB7090580F44E7F27D6A5182 /* Pods_FlexStoryTests.framework */; };
		26A6D457287E75E10041B2FA /* Assets.xcassets in Resources */ = {isa = PBXBuildFile; fileRef = 26B277CC2859AA0500CFCB30 /* Assets.xcassets */; };
		26A8D149285B02F400C846E8 /* GoogleService-Info.plist in Resources */ = {isa = PBXBuildFile; fileRef = 26A8D148285B02F400C846E8 /* GoogleService-Info.plist */; };
		26B277C42859AA0300CFCB30 /* AppDelegate.swift in Sources */ = {isa = PBXBuildFile; fileRef = 26B277C32859AA0300CFCB30 /* AppDelegate.swift */; };
		26B277C62859AA0300CFCB30 /* SceneDelegate.swift in Sources */ = {isa = PBXBuildFile; fileRef = 26B277C52859AA0300CFCB30 /* SceneDelegate.swift */; };
		26B277C82859AA0300CFCB30 /* ViewController.swift in Sources */ = {isa = PBXBuildFile; fileRef = 26B277C72859AA0300CFCB30 /* ViewController.swift */; };
		26B277CB2859AA0300CFCB30 /* Main.storyboard in Resources */ = {isa = PBXBuildFile; fileRef = 26B277C92859AA0300CFCB30 /* Main.storyboard */; };
		26B277D02859AA0500CFCB30 /* LaunchScreen.storyboard in Resources */ = {isa = PBXBuildFile; fileRef = 26B277CE2859AA0500CFCB30 /* LaunchScreen.storyboard */; };
		26B277DB2859AA0500CFCB30 /* FlexStoryTests.swift in Sources */ = {isa = PBXBuildFile; fileRef = 26B277DA2859AA0500CFCB30 /* FlexStoryTests.swift */; };
		26B277E52859AA0500CFCB30 /* FlexStoryUITests.swift in Sources */ = {isa = PBXBuildFile; fileRef = 26B277E42859AA0500CFCB30 /* FlexStoryUITests.swift */; };
		26B277E72859AA0500CFCB30 /* FlexStoryUITestsLaunchTests.swift in Sources */ = {isa = PBXBuildFile; fileRef = 26B277E62859AA0500CFCB30 /* FlexStoryUITestsLaunchTests.swift */; };
		C32656AF26E0F9D1660339A5 /* Pods_FlexStory_FlexStoryUITests.framework in Frameworks */ = {isa = PBXBuildFile; fileRef = D6F3805153AE42A12CDBFBD7 /* Pods_FlexStory_FlexStoryUITests.framework */; };
		D940BC352BE10D48C18BC6C8 /* Pods_FlexStory.framework in Frameworks */ = {isa = PBXBuildFile; fileRef = 9D6244830C509E5772D4489B /* Pods_FlexStory.framework */; };
/* End PBXBuildFile section */

/* Begin PBXContainerItemProxy section */
		26B277D72859AA0500CFCB30 /* PBXContainerItemProxy */ = {
			isa = PBXContainerItemProxy;
			containerPortal = 26B277B82859AA0300CFCB30 /* Project object */;
			proxyType = 1;
			remoteGlobalIDString = 26B277BF2859AA0300CFCB30;
			remoteInfo = FlexStory;
		};
		26B277E12859AA0500CFCB30 /* PBXContainerItemProxy */ = {
			isa = PBXContainerItemProxy;
			containerPortal = 26B277B82859AA0300CFCB30 /* Project object */;
			proxyType = 1;
			remoteGlobalIDString = 26B277BF2859AA0300CFCB30;
			remoteInfo = FlexStory;
		};
/* End PBXContainerItemProxy section */

/* Begin PBXFileReference section */
		0523142DB1F081E9084EC807 /* Pods-FlexStory-FlexStoryUITests.debug.xcconfig */ = {isa = PBXFileReference; includeInIndex = 1; lastKnownFileType = text.xcconfig; name = "Pods-FlexStory-FlexStoryUITests.debug.xcconfig"; path = "Target Support Files/Pods-FlexStory-FlexStoryUITests/Pods-FlexStory-FlexStoryUITests.debug.xcconfig"; sourceTree = "<group>"; };
		26A8D147285AFA5B00C846E8 /* FlexStory.entitlements */ = {isa = PBXFileReference; lastKnownFileType = text.plist.entitlements; path = FlexStory.entitlements; sourceTree = "<group>"; };
		26A8D148285B02F400C846E8 /* GoogleService-Info.plist */ = {isa = PBXFileReference; fileEncoding = 4; lastKnownFileType = text.plist.xml; path = "GoogleService-Info.plist"; sourceTree = "<group>"; };
		26B277C02859AA0300CFCB30 /* FlexStory.app */ = {isa = PBXFileReference; explicitFileType = wrapper.application; includeInIndex = 0; path = FlexStory.app; sourceTree = BUILT_PRODUCTS_DIR; };
		26B277C32859AA0300CFCB30 /* AppDelegate.swift */ = {isa = PBXFileReference; lastKnownFileType = sourcecode.swift; path = AppDelegate.swift; sourceTree = "<group>"; };
		26B277C52859AA0300CFCB30 /* SceneDelegate.swift */ = {isa = PBXFileReference; lastKnownFileType = sourcecode.swift; path = SceneDelegate.swift; sourceTree = "<group>"; };
		26B277C72859AA0300CFCB30 /* ViewController.swift */ = {isa = PBXFileReference; lastKnownFileType = sourcecode.swift; path = ViewController.swift; sourceTree = "<group>"; };
		26B277CA2859AA0300CFCB30 /* Base */ = {isa = PBXFileReference; lastKnownFileType = file.storyboard; name = Base; path = Base.lproj/Main.storyboard; sourceTree = "<group>"; };
		26B277CC2859AA0500CFCB30 /* Assets.xcassets */ = {isa = PBXFileReference; lastKnownFileType = folder.assetcatalog; path = Assets.xcassets; sourceTree = "<group>"; };
		26B277CF2859AA0500CFCB30 /* Base */ = {isa = PBXFileReference; lastKnownFileType = file.storyboard; name = Base; path = Base.lproj/LaunchScreen.storyboard; sourceTree = "<group>"; };
		26B277D12859AA0500CFCB30 /* Info.plist */ = {isa = PBXFileReference; lastKnownFileType = text.plist.xml; path = Info.plist; sourceTree = "<group>"; };
		26B277D62859AA0500CFCB30 /* FlexStoryTests.xctest */ = {isa = PBXFileReference; explicitFileType = wrapper.cfbundle; includeInIndex = 0; path = FlexStoryTests.xctest; sourceTree = BUILT_PRODUCTS_DIR; };
		26B277DA2859AA0500CFCB30 /* FlexStoryTests.swift */ = {isa = PBXFileReference; lastKnownFileType = sourcecode.swift; path = FlexStoryTests.swift; sourceTree = "<group>"; };
		26B277E02859AA0500CFCB30 /* FlexStoryUITests.xctest */ = {isa = PBXFileReference; explicitFileType = wrapper.cfbundle; includeInIndex = 0; path = FlexStoryUITests.xctest; sourceTree = BUILT_PRODUCTS_DIR; };
		26B277E42859AA0500CFCB30 /* FlexStoryUITests.swift */ = {isa = PBXFileReference; lastKnownFileType = sourcecode.swift; path = FlexStoryUITests.swift; sourceTree = "<group>"; };
		26B277E62859AA0500CFCB30 /* FlexStoryUITestsLaunchTests.swift */ = {isa = PBXFileReference; lastKnownFileType = sourcecode.swift; path = FlexStoryUITestsLaunchTests.swift; sourceTree = "<group>"; };
		9D6244830C509E5772D4489B /* Pods_FlexStory.framework */ = {isa = PBXFileReference; explicitFileType = wrapper.framework; includeInIndex = 0; path = Pods_FlexStory.framework; sourceTree = BUILT_PRODUCTS_DIR; };
		B4E4BFD7B9103EF7508023E4 /* Pods-FlexStory-FlexStoryUITests.release.xcconfig */ = {isa = PBXFileReference; includeInIndex = 1; lastKnownFileType = text.xcconfig; name = "Pods-FlexStory-FlexStoryUITests.release.xcconfig"; path = "Target Support Files/Pods-FlexStory-FlexStoryUITests/Pods-FlexStory-FlexStoryUITests.release.xcconfig"; sourceTree = "<group>"; };
		BFAAB27CB73CAD6985D86BE1 /* Pods-FlexStoryTests.release.xcconfig */ = {isa = PBXFileReference; includeInIndex = 1; lastKnownFileType = text.xcconfig; name = "Pods-FlexStoryTests.release.xcconfig"; path = "Target Support Files/Pods-FlexStoryTests/Pods-FlexStoryTests.release.xcconfig"; sourceTree = "<group>"; };
		D6F3805153AE42A12CDBFBD7 /* Pods_FlexStory_FlexStoryUITests.framework */ = {isa = PBXFileReference; explicitFileType = wrapper.framework; includeInIndex = 0; path = Pods_FlexStory_FlexStoryUITests.framework; sourceTree = BUILT_PRODUCTS_DIR; };
		E4DC4BED6F88779F69556B96 /* Pods-FlexStory.debug.xcconfig */ = {isa = PBXFileReference; includeInIndex = 1; lastKnownFileType = text.xcconfig; name = "Pods-FlexStory.debug.xcconfig"; path = "Target Support Files/Pods-FlexStory/Pods-FlexStory.debug.xcconfig"; sourceTree = "<group>"; };
		EC71BC9AD1D2FFF2B2CCB2B9 /* Pods-FlexStory.release.xcconfig */ = {isa = PBXFileReference; includeInIndex = 1; lastKnownFileType = text.xcconfig; name = "Pods-FlexStory.release.xcconfig"; path = "Target Support Files/Pods-FlexStory/Pods-FlexStory.release.xcconfig"; sourceTree = "<group>"; };
		ECE5C2FB4ED6A7309157013B /* Pods-FlexStoryTests.debug.xcconfig */ = {isa = PBXFileReference; includeInIndex = 1; lastKnownFileType = text.xcconfig; name = "Pods-FlexStoryTests.debug.xcconfig"; path = "Target Support Files/Pods-FlexStoryTests/Pods-FlexStoryTests.debug.xcconfig"; sourceTree = "<group>"; };
		FB7090580F44E7F27D6A5182 /* Pods_FlexStoryTests.framework */ = {isa = PBXFileReference; explicitFileType = wrapper.framework; includeInIndex = 0; path = Pods_FlexStoryTests.framework; sourceTree = BUILT_PRODUCTS_DIR; };
/* End PBXFileReference section */

/* Begin PBXFrameworksBuildPhase section */
		26B277BD2859AA0300CFCB30 /* Frameworks */ = {
			isa = PBXFrameworksBuildPhase;
			buildActionMask = 2147483647;
			files = (
				D940BC352BE10D48C18BC6C8 /* Pods_FlexStory.framework in Frameworks */,
			);
			runOnlyForDeploymentPostprocessing = 0;
		};
		26B277D32859AA0500CFCB30 /* Frameworks */ = {
			isa = PBXFrameworksBuildPhase;
			buildActionMask = 2147483647;
			files = (
				25993D9F2DA2795CC77C3F56 /* Pods_FlexStoryTests.framework in Frameworks */,
			);
			runOnlyForDeploymentPostprocessing = 0;
		};
		26B277DD2859AA0500CFCB30 /* Frameworks */ = {
			isa = PBXFrameworksBuildPhase;
			buildActionMask = 2147483647;
			files = (
				C32656AF26E0F9D1660339A5 /* Pods_FlexStory_FlexStoryUITests.framework in Frameworks */,
			);
			runOnlyForDeploymentPostprocessing = 0;
		};
/* End PBXFrameworksBuildPhase section */

/* Begin PBXGroup section */
		1D7B3206BD960E4E9EF40500 /* Pods */ = {
			isa = PBXGroup;
			children = (
				E4DC4BED6F88779F69556B96 /* Pods-FlexStory.debug.xcconfig */,
				EC71BC9AD1D2FFF2B2CCB2B9 /* Pods-FlexStory.release.xcconfig */,
				0523142DB1F081E9084EC807 /* Pods-FlexStory-FlexStoryUITests.debug.xcconfig */,
				B4E4BFD7B9103EF7508023E4 /* Pods-FlexStory-FlexStoryUITests.release.xcconfig */,
				ECE5C2FB4ED6A7309157013B /* Pods-FlexStoryTests.debug.xcconfig */,
				BFAAB27CB73CAD6985D86BE1 /* Pods-FlexStoryTests.release.xcconfig */,
			);
			path = Pods;
			sourceTree = "<group>";
		};
		26B277B72859AA0300CFCB30 = {
			isa = PBXGroup;
			children = (
				26B277C22859AA0300CFCB30 /* FlexStory */,
				26B277D92859AA0500CFCB30 /* FlexStoryTests */,
				26B277E32859AA0500CFCB30 /* FlexStoryUITests */,
				26B277C12859AA0300CFCB30 /* Products */,
				1D7B3206BD960E4E9EF40500 /* Pods */,
				7B62DDC4AE3D45EFFB4B7D63 /* Frameworks */,
			);
			sourceTree = "<group>";
		};
		26B277C12859AA0300CFCB30 /* Products */ = {
			isa = PBXGroup;
			children = (
				26B277C02859AA0300CFCB30 /* FlexStory.app */,
				26B277D62859AA0500CFCB30 /* FlexStoryTests.xctest */,
				26B277E02859AA0500CFCB30 /* FlexStoryUITests.xctest */,
			);
			name = Products;
			sourceTree = "<group>";
		};
		26B277C22859AA0300CFCB30 /* FlexStory */ = {
			isa = PBXGroup;
			children = (
				26A8D148285B02F400C846E8 /* GoogleService-Info.plist */,
				26A8D147285AFA5B00C846E8 /* FlexStory.entitlements */,
				26B277C32859AA0300CFCB30 /* AppDelegate.swift */,
				26B277C52859AA0300CFCB30 /* SceneDelegate.swift */,
				26B277C72859AA0300CFCB30 /* ViewController.swift */,
				26B277C92859AA0300CFCB30 /* Main.storyboard */,
				26B277CC2859AA0500CFCB30 /* Assets.xcassets */,
				26B277CE2859AA0500CFCB30 /* LaunchScreen.storyboard */,
				26B277D12859AA0500CFCB30 /* Info.plist */,
			);
			path = FlexStory;
			sourceTree = "<group>";
		};
		26B277D92859AA0500CFCB30 /* FlexStoryTests */ = {
			isa = PBXGroup;
			children = (
				26B277DA2859AA0500CFCB30 /* FlexStoryTests.swift */,
			);
			path = FlexStoryTests;
			sourceTree = "<group>";
		};
		26B277E32859AA0500CFCB30 /* FlexStoryUITests */ = {
			isa = PBXGroup;
			children = (
				26B277E42859AA0500CFCB30 /* FlexStoryUITests.swift */,
				26B277E62859AA0500CFCB30 /* FlexStoryUITestsLaunchTests.swift */,
			);
			path = FlexStoryUITests;
			sourceTree = "<group>";
		};
		7B62DDC4AE3D45EFFB4B7D63 /* Frameworks */ = {
			isa = PBXGroup;
			children = (
				9D6244830C509E5772D4489B /* Pods_FlexStory.framework */,
				D6F3805153AE42A12CDBFBD7 /* Pods_FlexStory_FlexStoryUITests.framework */,
				FB7090580F44E7F27D6A5182 /* Pods_FlexStoryTests.framework */,
			);
			name = Frameworks;
			sourceTree = "<group>";
		};
/* End PBXGroup section */

/* Begin PBXNativeTarget section */
		26B277BF2859AA0300CFCB30 /* FlexStory */ = {
			isa = PBXNativeTarget;
			buildConfigurationList = 26B277EA2859AA0500CFCB30 /* Build configuration list for PBXNativeTarget "FlexStory" */;
			buildPhases = (
				6BCA9F487D99A5333C65ACAD /* [CP] Check Pods Manifest.lock */,
				26B277BC2859AA0300CFCB30 /* Sources */,
				26B277BD2859AA0300CFCB30 /* Frameworks */,
				26B277BE2859AA0300CFCB30 /* Resources */,
				C583AAABF2137C50E537F42B /* [CP] Embed Pods Frameworks */,
				7FA3109BD0BCA6150C1197CF /* [CP] Copy Pods Resources */,
			);
			buildRules = (
			);
			dependencies = (
			);
			name = FlexStory;
			productName = FlexStory;
			productReference = 26B277C02859AA0300CFCB30 /* FlexStory.app */;
			productType = "com.apple.product-type.application";
		};
		26B277D52859AA0500CFCB30 /* FlexStoryTests */ = {
			isa = PBXNativeTarget;
			buildConfigurationList = 26B277ED2859AA0500CFCB30 /* Build configuration list for PBXNativeTarget "FlexStoryTests" */;
			buildPhases = (
				E9BAF4079196651E04390B5E /* [CP] Check Pods Manifest.lock */,
				26B277D22859AA0500CFCB30 /* Sources */,
				26B277D32859AA0500CFCB30 /* Frameworks */,
				26B277D42859AA0500CFCB30 /* Resources */,
			);
			buildRules = (
			);
			dependencies = (
				26B277D82859AA0500CFCB30 /* PBXTargetDependency */,
			);
			name = FlexStoryTests;
			productName = FlexStoryTests;
			productReference = 26B277D62859AA0500CFCB30 /* FlexStoryTests.xctest */;
			productType = "com.apple.product-type.bundle.unit-test";
		};
		26B277DF2859AA0500CFCB30 /* FlexStoryUITests */ = {
			isa = PBXNativeTarget;
			buildConfigurationList = 26B277F02859AA0500CFCB30 /* Build configuration list for PBXNativeTarget "FlexStoryUITests" */;
			buildPhases = (
				26DBC422230C2D8BF9826A77 /* [CP] Check Pods Manifest.lock */,
				26B277DC2859AA0500CFCB30 /* Sources */,
				26B277DD2859AA0500CFCB30 /* Frameworks */,
				26B277DE2859AA0500CFCB30 /* Resources */,
				09D312C8E44438EE89B4DC6B /* [CP] Embed Pods Frameworks */,
				85BB21F997A24FF9EEDE4D5F /* [CP] Copy Pods Resources */,
			);
			buildRules = (
			);
			dependencies = (
				26B277E22859AA0500CFCB30 /* PBXTargetDependency */,
			);
			name = FlexStoryUITests;
			productName = FlexStoryUITests;
			productReference = 26B277E02859AA0500CFCB30 /* FlexStoryUITests.xctest */;
			productType = "com.apple.product-type.bundle.ui-testing";
		};
/* End PBXNativeTarget section */

/* Begin PBXProject section */
		26B277B82859AA0300CFCB30 /* Project object */ = {
			isa = PBXProject;
			attributes = {
				BuildIndependentTargetsInParallel = 1;
				LastSwiftUpdateCheck = 1340;
				LastUpgradeCheck = 1340;
				TargetAttributes = {
					26B277BF2859AA0300CFCB30 = {
						CreatedOnToolsVersion = 13.4.1;
					};
					26B277D52859AA0500CFCB30 = {
						CreatedOnToolsVersion = 13.4.1;
						TestTargetID = 26B277BF2859AA0300CFCB30;
					};
					26B277DF2859AA0500CFCB30 = {
						CreatedOnToolsVersion = 13.4.1;
						TestTargetID = 26B277BF2859AA0300CFCB30;
					};
				};
			};
			buildConfigurationList = 26B277BB2859AA0300CFCB30 /* Build configuration list for PBXProject "FlexStory" */;
			compatibilityVersion = "Xcode 13.0";
			developmentRegion = en;
			hasScannedForEncodings = 0;
			knownRegions = (
				en,
				Base,
			);
			mainGroup = 26B277B72859AA0300CFCB30;
			productRefGroup = 26B277C12859AA0300CFCB30 /* Products */;
			projectDirPath = "";
			projectRoot = "";
			targets = (
				26B277BF2859AA0300CFCB30 /* FlexStory */,
				26B277D52859AA0500CFCB30 /* FlexStoryTests */,
				26B277DF2859AA0500CFCB30 /* FlexStoryUITests */,
			);
		};
/* End PBXProject section */

/* Begin PBXResourcesBuildPhase section */
		26B277BE2859AA0300CFCB30 /* Resources */ = {
			isa = PBXResourcesBuildPhase;
			buildActionMask = 2147483647;
			files = (
				26A6D457287E75E10041B2FA /* Assets.xcassets in Resources */,
				26B277D02859AA0500CFCB30 /* LaunchScreen.storyboard in Resources */,
				26B277CB2859AA0300CFCB30 /* Main.storyboard in Resources */,
				26A8D149285B02F400C846E8 /* GoogleService-Info.plist in Resources */,
			);
			runOnlyForDeploymentPostprocessing = 0;
		};
		26B277D42859AA0500CFCB30 /* Resources */ = {
			isa = PBXResourcesBuildPhase;
			buildActionMask = 2147483647;
			files = (
			);
			runOnlyForDeploymentPostprocessing = 0;
		};
		26B277DE2859AA0500CFCB30 /* Resources */ = {
			isa = PBXResourcesBuildPhase;
			buildActionMask = 2147483647;
			files = (
			);
			runOnlyForDeploymentPostprocessing = 0;
		};
/* End PBXResourcesBuildPhase section */

/* Begin PBXShellScriptBuildPhase section */
		09D312C8E44438EE89B4DC6B /* [CP] Embed Pods Frameworks */ = {
			isa = PBXShellScriptBuildPhase;
			buildActionMask = 2147483647;
			files = (
			);
			inputFileListPaths = (
				"${PODS_ROOT}/Target Support Files/Pods-FlexStory-FlexStoryUITests/Pods-FlexStory-FlexStoryUITests-frameworks-${CONFIGURATION}-input-files.xcfilelist",
			);
			name = "[CP] Embed Pods Frameworks";
			outputFileListPaths = (
				"${PODS_ROOT}/Target Support Files/Pods-FlexStory-FlexStoryUITests/Pods-FlexStory-FlexStoryUITests-frameworks-${CONFIGURATION}-output-files.xcfilelist",
			);
			runOnlyForDeploymentPostprocessing = 0;
			shellPath = /bin/sh;
			shellScript = "\"${PODS_ROOT}/Target Support Files/Pods-FlexStory-FlexStoryUITests/Pods-FlexStory-FlexStoryUITests-frameworks.sh\"\n";
			showEnvVarsInLog = 0;
		};
		26DBC422230C2D8BF9826A77 /* [CP] Check Pods Manifest.lock */ = {
			isa = PBXShellScriptBuildPhase;
			buildActionMask = 2147483647;
			files = (
			);
			inputFileListPaths = (
			);
			inputPaths = (
				"${PODS_PODFILE_DIR_PATH}/Podfile.lock",
				"${PODS_ROOT}/Manifest.lock",
			);
			name = "[CP] Check Pods Manifest.lock";
			outputFileListPaths = (
			);
			outputPaths = (
				"$(DERIVED_FILE_DIR)/Pods-FlexStory-FlexStoryUITests-checkManifestLockResult.txt",
			);
			runOnlyForDeploymentPostprocessing = 0;
			shellPath = /bin/sh;
			shellScript = "diff \"${PODS_PODFILE_DIR_PATH}/Podfile.lock\" \"${PODS_ROOT}/Manifest.lock\" > /dev/null\nif [ $? != 0 ] ; then\n    # print error to STDERR\n    echo \"error: The sandbox is not in sync with the Podfile.lock. Run 'pod install' or update your CocoaPods installation.\" >&2\n    exit 1\nfi\n# This output is used by Xcode 'outputs' to avoid re-running this script phase.\necho \"SUCCESS\" > \"${SCRIPT_OUTPUT_FILE_0}\"\n";
			showEnvVarsInLog = 0;
		};
		6BCA9F487D99A5333C65ACAD /* [CP] Check Pods Manifest.lock */ = {
			isa = PBXShellScriptBuildPhase;
			buildActionMask = 2147483647;
			files = (
			);
			inputFileListPaths = (
			);
			inputPaths = (
				"${PODS_PODFILE_DIR_PATH}/Podfile.lock",
				"${PODS_ROOT}/Manifest.lock",
			);
			name = "[CP] Check Pods Manifest.lock";
			outputFileListPaths = (
			);
			outputPaths = (
				"$(DERIVED_FILE_DIR)/Pods-FlexStory-checkManifestLockResult.txt",
			);
			runOnlyForDeploymentPostprocessing = 0;
			shellPath = /bin/sh;
			shellScript = "diff \"${PODS_PODFILE_DIR_PATH}/Podfile.lock\" \"${PODS_ROOT}/Manifest.lock\" > /dev/null\nif [ $? != 0 ] ; then\n    # print error to STDERR\n    echo \"error: The sandbox is not in sync with the Podfile.lock. Run 'pod install' or update your CocoaPods installation.\" >&2\n    exit 1\nfi\n# This output is used by Xcode 'outputs' to avoid re-running this script phase.\necho \"SUCCESS\" > \"${SCRIPT_OUTPUT_FILE_0}\"\n";
			showEnvVarsInLog = 0;
		};
		7FA3109BD0BCA6150C1197CF /* [CP] Copy Pods Resources */ = {
			isa = PBXShellScriptBuildPhase;
			buildActionMask = 2147483647;
			files = (
			);
			inputFileListPaths = (
				"${PODS_ROOT}/Target Support Files/Pods-FlexStory/Pods-FlexStory-resources-${CONFIGURATION}-input-files.xcfilelist",
			);
			name = "[CP] Copy Pods Resources";
			outputFileListPaths = (
				"${PODS_ROOT}/Target Support Files/Pods-FlexStory/Pods-FlexStory-resources-${CONFIGURATION}-output-files.xcfilelist",
			);
			runOnlyForDeploymentPostprocessing = 0;
			shellPath = /bin/sh;
			shellScript = "\"${PODS_ROOT}/Target Support Files/Pods-FlexStory/Pods-FlexStory-resources.sh\"\n";
			showEnvVarsInLog = 0;
		};
		85BB21F997A24FF9EEDE4D5F /* [CP] Copy Pods Resources */ = {
			isa = PBXShellScriptBuildPhase;
			buildActionMask = 2147483647;
			files = (
			);
			inputFileListPaths = (
				"${PODS_ROOT}/Target Support Files/Pods-FlexStory-FlexStoryUITests/Pods-FlexStory-FlexStoryUITests-resources-${CONFIGURATION}-input-files.xcfilelist",
			);
			name = "[CP] Copy Pods Resources";
			outputFileListPaths = (
				"${PODS_ROOT}/Target Support Files/Pods-FlexStory-FlexStoryUITests/Pods-FlexStory-FlexStoryUITests-resources-${CONFIGURATION}-output-files.xcfilelist",
			);
			runOnlyForDeploymentPostprocessing = 0;
			shellPath = /bin/sh;
			shellScript = "\"${PODS_ROOT}/Target Support Files/Pods-FlexStory-FlexStoryUITests/Pods-FlexStory-FlexStoryUITests-resources.sh\"\n";
			showEnvVarsInLog = 0;
		};
		C583AAABF2137C50E537F42B /* [CP] Embed Pods Frameworks */ = {
			isa = PBXShellScriptBuildPhase;
			buildActionMask = 2147483647;
			files = (
			);
			inputFileListPaths = (
				"${PODS_ROOT}/Target Support Files/Pods-FlexStory/Pods-FlexStory-frameworks-${CONFIGURATION}-input-files.xcfilelist",
			);
			name = "[CP] Embed Pods Frameworks";
			outputFileListPaths = (
				"${PODS_ROOT}/Target Support Files/Pods-FlexStory/Pods-FlexStory-frameworks-${CONFIGURATION}-output-files.xcfilelist",
			);
			runOnlyForDeploymentPostprocessing = 0;
			shellPath = /bin/sh;
			shellScript = "\"${PODS_ROOT}/Target Support Files/Pods-FlexStory/Pods-FlexStory-frameworks.sh\"\n";
			showEnvVarsInLog = 0;
		};
		E9BAF4079196651E04390B5E /* [CP] Check Pods Manifest.lock */ = {
			isa = PBXShellScriptBuildPhase;
			buildActionMask = 2147483647;
			files = (
			);
			inputFileListPaths = (
			);
			inputPaths = (
				"${PODS_PODFILE_DIR_PATH}/Podfile.lock",
				"${PODS_ROOT}/Manifest.lock",
			);
			name = "[CP] Check Pods Manifest.lock";
			outputFileListPaths = (
			);
			outputPaths = (
				"$(DERIVED_FILE_DIR)/Pods-FlexStoryTests-checkManifestLockResult.txt",
			);
			runOnlyForDeploymentPostprocessing = 0;
			shellPath = /bin/sh;
			shellScript = "diff \"${PODS_PODFILE_DIR_PATH}/Podfile.lock\" \"${PODS_ROOT}/Manifest.lock\" > /dev/null\nif [ $? != 0 ] ; then\n    # print error to STDERR\n    echo \"error: The sandbox is not in sync with the Podfile.lock. Run 'pod install' or update your CocoaPods installation.\" >&2\n    exit 1\nfi\n# This output is used by Xcode 'outputs' to avoid re-running this script phase.\necho \"SUCCESS\" > \"${SCRIPT_OUTPUT_FILE_0}\"\n";
			showEnvVarsInLog = 0;
		};
/* End PBXShellScriptBuildPhase section */

/* Begin PBXSourcesBuildPhase section */
		26B277BC2859AA0300CFCB30 /* Sources */ = {
			isa = PBXSourcesBuildPhase;
			buildActionMask = 2147483647;
			files = (
				26B277C82859AA0300CFCB30 /* ViewController.swift in Sources */,
				26B277C42859AA0300CFCB30 /* AppDelegate.swift in Sources */,
				26B277C62859AA0300CFCB30 /* SceneDelegate.swift in Sources */,
			);
			runOnlyForDeploymentPostprocessing = 0;
		};
		26B277D22859AA0500CFCB30 /* Sources */ = {
			isa = PBXSourcesBuildPhase;
			buildActionMask = 2147483647;
			files = (
				26B277DB2859AA0500CFCB30 /* FlexStoryTests.swift in Sources */,
			);
			runOnlyForDeploymentPostprocessing = 0;
		};
		26B277DC2859AA0500CFCB30 /* Sources */ = {
			isa = PBXSourcesBuildPhase;
			buildActionMask = 2147483647;
			files = (
				26B277E52859AA0500CFCB30 /* FlexStoryUITests.swift in Sources */,
				26B277E72859AA0500CFCB30 /* FlexStoryUITestsLaunchTests.swift in Sources */,
			);
			runOnlyForDeploymentPostprocessing = 0;
		};
/* End PBXSourcesBuildPhase section */

/* Begin PBXTargetDependency section */
		26B277D82859AA0500CFCB30 /* PBXTargetDependency */ = {
			isa = PBXTargetDependency;
			target = 26B277BF2859AA0300CFCB30 /* FlexStory */;
			targetProxy = 26B277D72859AA0500CFCB30 /* PBXContainerItemProxy */;
		};
		26B277E22859AA0500CFCB30 /* PBXTargetDependency */ = {
			isa = PBXTargetDependency;
			target = 26B277BF2859AA0300CFCB30 /* FlexStory */;
			targetProxy = 26B277E12859AA0500CFCB30 /* PBXContainerItemProxy */;
		};
/* End PBXTargetDependency section */

/* Begin PBXVariantGroup section */
		26B277C92859AA0300CFCB30 /* Main.storyboard */ = {
			isa = PBXVariantGroup;
			children = (
				26B277CA2859AA0300CFCB30 /* Base */,
			);
			name = Main.storyboard;
			sourceTree = "<group>";
		};
		26B277CE2859AA0500CFCB30 /* LaunchScreen.storyboard */ = {
			isa = PBXVariantGroup;
			children = (
				26B277CF2859AA0500CFCB30 /* Base */,
			);
			name = LaunchScreen.storyboard;
			sourceTree = "<group>";
		};
/* End PBXVariantGroup section */

/* Begin XCBuildConfiguration section */
		26B277E82859AA0500CFCB30 /* Debug */ = {
			isa = XCBuildConfiguration;
			buildSettings = {
				ALWAYS_SEARCH_USER_PATHS = NO;
				CLANG_ANALYZER_NONNULL = YES;
				CLANG_ANALYZER_NUMBER_OBJECT_CONVERSION = YES_AGGRESSIVE;
				CLANG_CXX_LANGUAGE_STANDARD = "gnu++17";
				CLANG_ENABLE_MODULES = YES;
				CLANG_ENABLE_OBJC_ARC = YES;
				CLANG_ENABLE_OBJC_WEAK = YES;
				CLANG_WARN_BLOCK_CAPTURE_AUTORELEASING = YES;
				CLANG_WARN_BOOL_CONVERSION = YES;
				CLANG_WARN_COMMA = YES;
				CLANG_WARN_CONSTANT_CONVERSION = YES;
				CLANG_WARN_DEPRECATED_OBJC_IMPLEMENTATIONS = YES;
				CLANG_WARN_DIRECT_OBJC_ISA_USAGE = YES_ERROR;
				CLANG_WARN_DOCUMENTATION_COMMENTS = YES;
				CLANG_WARN_EMPTY_BODY = YES;
				CLANG_WARN_ENUM_CONVERSION = YES;
				CLANG_WARN_INFINITE_RECURSION = YES;
				CLANG_WARN_INT_CONVERSION = YES;
				CLANG_WARN_NON_LITERAL_NULL_CONVERSION = YES;
				CLANG_WARN_OBJC_IMPLICIT_RETAIN_SELF = YES;
				CLANG_WARN_OBJC_LITERAL_CONVERSION = YES;
				CLANG_WARN_OBJC_ROOT_CLASS = YES_ERROR;
				CLANG_WARN_QUOTED_INCLUDE_IN_FRAMEWORK_HEADER = YES;
				CLANG_WARN_RANGE_LOOP_ANALYSIS = YES;
				CLANG_WARN_STRICT_PROTOTYPES = YES;
				CLANG_WARN_SUSPICIOUS_MOVE = YES;
				CLANG_WARN_UNGUARDED_AVAILABILITY = YES_AGGRESSIVE;
				CLANG_WARN_UNREACHABLE_CODE = YES;
				CLANG_WARN__DUPLICATE_METHOD_MATCH = YES;
				COPY_PHASE_STRIP = NO;
				DEBUG_INFORMATION_FORMAT = dwarf;
				ENABLE_STRICT_OBJC_MSGSEND = YES;
				ENABLE_TESTABILITY = YES;
				GCC_C_LANGUAGE_STANDARD = gnu11;
				GCC_DYNAMIC_NO_PIC = NO;
				GCC_NO_COMMON_BLOCKS = YES;
				GCC_OPTIMIZATION_LEVEL = 0;
				GCC_PREPROCESSOR_DEFINITIONS = (
					"DEBUG=1",
					"$(inherited)",
				);
				GCC_WARN_64_TO_32_BIT_CONVERSION = YES;
				GCC_WARN_ABOUT_RETURN_TYPE = YES_ERROR;
				GCC_WARN_UNDECLARED_SELECTOR = YES;
				GCC_WARN_UNINITIALIZED_AUTOS = YES_AGGRESSIVE;
				GCC_WARN_UNUSED_FUNCTION = YES;
				GCC_WARN_UNUSED_VARIABLE = YES;
				IPHONEOS_DEPLOYMENT_TARGET = 13.0;
				MTL_ENABLE_DEBUG_INFO = INCLUDE_SOURCE;
				MTL_FAST_MATH = YES;
				ONLY_ACTIVE_ARCH = YES;
				SDKROOT = iphoneos;
				SWIFT_ACTIVE_COMPILATION_CONDITIONS = DEBUG;
				SWIFT_OPTIMIZATION_LEVEL = "-Onone";
			};
			name = Debug;
		};
		26B277E92859AA0500CFCB30 /* Release */ = {
			isa = XCBuildConfiguration;
			buildSettings = {
				ALWAYS_SEARCH_USER_PATHS = NO;
				CLANG_ANALYZER_NONNULL = YES;
				CLANG_ANALYZER_NUMBER_OBJECT_CONVERSION = YES_AGGRESSIVE;
				CLANG_CXX_LANGUAGE_STANDARD = "gnu++17";
				CLANG_ENABLE_MODULES = YES;
				CLANG_ENABLE_OBJC_ARC = YES;
				CLANG_ENABLE_OBJC_WEAK = YES;
				CLANG_WARN_BLOCK_CAPTURE_AUTORELEASING = YES;
				CLANG_WARN_BOOL_CONVERSION = YES;
				CLANG_WARN_COMMA = YES;
				CLANG_WARN_CONSTANT_CONVERSION = YES;
				CLANG_WARN_DEPRECATED_OBJC_IMPLEMENTATIONS = YES;
				CLANG_WARN_DIRECT_OBJC_ISA_USAGE = YES_ERROR;
				CLANG_WARN_DOCUMENTATION_COMMENTS = YES;
				CLANG_WARN_EMPTY_BODY = YES;
				CLANG_WARN_ENUM_CONVERSION = YES;
				CLANG_WARN_INFINITE_RECURSION = YES;
				CLANG_WARN_INT_CONVERSION = YES;
				CLANG_WARN_NON_LITERAL_NULL_CONVERSION = YES;
				CLANG_WARN_OBJC_IMPLICIT_RETAIN_SELF = YES;
				CLANG_WARN_OBJC_LITERAL_CONVERSION = YES;
				CLANG_WARN_OBJC_ROOT_CLASS = YES_ERROR;
				CLANG_WARN_QUOTED_INCLUDE_IN_FRAMEWORK_HEADER = YES;
				CLANG_WARN_RANGE_LOOP_ANALYSIS = YES;
				CLANG_WARN_STRICT_PROTOTYPES = YES;
				CLANG_WARN_SUSPICIOUS_MOVE = YES;
				CLANG_WARN_UNGUARDED_AVAILABILITY = YES_AGGRESSIVE;
				CLANG_WARN_UNREACHABLE_CODE = YES;
				CLANG_WARN__DUPLICATE_METHOD_MATCH = YES;
				COPY_PHASE_STRIP = NO;
				DEBUG_INFORMATION_FORMAT = "dwarf-with-dsym";
				ENABLE_NS_ASSERTIONS = NO;
				ENABLE_STRICT_OBJC_MSGSEND = YES;
				GCC_C_LANGUAGE_STANDARD = gnu11;
				GCC_NO_COMMON_BLOCKS = YES;
				GCC_WARN_64_TO_32_BIT_CONVERSION = YES;
				GCC_WARN_ABOUT_RETURN_TYPE = YES_ERROR;
				GCC_WARN_UNDECLARED_SELECTOR = YES;
				GCC_WARN_UNINITIALIZED_AUTOS = YES_AGGRESSIVE;
				GCC_WARN_UNUSED_FUNCTION = YES;
				GCC_WARN_UNUSED_VARIABLE = YES;
				IPHONEOS_DEPLOYMENT_TARGET = 13.0;
				MTL_ENABLE_DEBUG_INFO = NO;
				MTL_FAST_MATH = YES;
				SDKROOT = iphoneos;
				SWIFT_COMPILATION_MODE = wholemodule;
				SWIFT_OPTIMIZATION_LEVEL = "-O";
				VALIDATE_PRODUCT = YES;
			};
			name = Release;
		};
		26B277EB2859AA0500CFCB30 /* Debug */ = {
			isa = XCBuildConfiguration;
			baseConfigurationReference = E4DC4BED6F88779F69556B96 /* Pods-FlexStory.debug.xcconfig */;
			buildSettings = {
				ALWAYS_EMBED_SWIFT_STANDARD_LIBRARIES = "$(inherited)";
				ASSETCATALOG_COMPILER_APPICON_NAME = AppIcon;
				ASSETCATALOG_COMPILER_GLOBAL_ACCENT_COLOR_NAME = AccentColor;
				ASSETCATALOG_COMPILER_INCLUDE_ALL_APPICON_ASSETS = NO;
				CODE_SIGN_ENTITLEMENTS = FlexStory/FlexStory.entitlements;
				CODE_SIGN_IDENTITY = "Apple Development";
				CODE_SIGN_STYLE = Automatic;
				CURRENT_PROJECT_VERSION = 1;
				DEVELOPMENT_TEAM = "";
				GENERATE_INFOPLIST_FILE = YES;
				INFOPLIST_FILE = FlexStory/Info.plist;
				INFOPLIST_KEY_NSCalendarsUsageDescription = "App needs to access the calendar to track events";
				INFOPLIST_KEY_NSCameraUsageDescription = "Used to take picture and barcode";
				INFOPLIST_KEY_NSContactsUsageDescription = "This app requires contacts access to function properly.";
				INFOPLIST_KEY_NSLocationAlwaysAndWhenInUseUsageDescription = "This app requires your location information to save and query data. ";
				INFOPLIST_KEY_NSLocationAlwaysUsageDescription = "This app requires your location information to save and query data. ";
				INFOPLIST_KEY_NSLocationWhenInUseUsageDescription = "This app requires your location information to save and query data. ";
				INFOPLIST_KEY_NSMicrophoneUsageDescription = "App needs to access your micophone for video recording";
				INFOPLIST_KEY_NSPhotoLibraryAddUsageDescription = "This app requires photo library access to function properly.";
				INFOPLIST_KEY_NSPhotoLibraryUsageDescription = "This app requires used Image to function properly.";
				INFOPLIST_KEY_UIApplicationSupportsIndirectInputEvents = YES;
				INFOPLIST_KEY_UILaunchStoryboardName = LaunchScreen;
				INFOPLIST_KEY_UIMainStoryboardFile = Main;
				INFOPLIST_KEY_UISupportedInterfaceOrientations = UIInterfaceOrientationPortrait;
				IPHONEOS_DEPLOYMENT_TARGET = 15.0;
				LD_RUNPATH_SEARCH_PATHS = (
					"$(inherited)",
					"@executable_path/Frameworks",
				);
				MARKETING_VERSION = 1.0.0;
				PRODUCT_BUNDLE_IDENTIFIER = flex.FlexStoryEmpty;
				PRODUCT_NAME = "$(TARGET_NAME)";
				PROVISIONING_PROFILE_SPECIFIER = "";
				SWIFT_EMIT_LOC_STRINGS = YES;
				SWIFT_VERSION = 5.0;
				TARGETED_DEVICE_FAMILY = "1,2";
			};
			name = Debug;
		};
		26B277EC2859AA0500CFCB30 /* Release */ = {
			isa = XCBuildConfiguration;
			baseConfigurationReference = EC71BC9AD1D2FFF2B2CCB2B9 /* Pods-FlexStory.release.xcconfig */;
			buildSettings = {
				ALWAYS_EMBED_SWIFT_STANDARD_LIBRARIES = "$(inherited)";
				ASSETCATALOG_COMPILER_APPICON_NAME = AppIcon;
				ASSETCATALOG_COMPILER_GLOBAL_ACCENT_COLOR_NAME = AccentColor;
				ASSETCATALOG_COMPILER_INCLUDE_ALL_APPICON_ASSETS = NO;
				CODE_SIGN_ENTITLEMENTS = FlexStory/FlexStory.entitlements;
				CODE_SIGN_IDENTITY = "Apple Development";
				CODE_SIGN_STYLE = Automatic;
				CURRENT_PROJECT_VERSION = 1;
				DEVELOPMENT_TEAM = "";
				GENERATE_INFOPLIST_FILE = YES;
				INFOPLIST_FILE = FlexStory/Info.plist;
				INFOPLIST_KEY_NSCalendarsUsageDescription = "App needs to access the calendar to track events";
				INFOPLIST_KEY_NSCameraUsageDescription = "Used to take picture and barcode";
				INFOPLIST_KEY_NSContactsUsageDescription = "This app requires contacts access to function properly.";
				INFOPLIST_KEY_NSLocationAlwaysAndWhenInUseUsageDescription = "This app requires your location information to save and query data. ";
				INFOPLIST_KEY_NSLocationAlwaysUsageDescription = "This app requires your location information to save and query data. ";
				INFOPLIST_KEY_NSLocationWhenInUseUsageDescription = "This app requires your location information to save and query data. ";
				INFOPLIST_KEY_NSMicrophoneUsageDescription = "App needs to access your micophone for video recording";
				INFOPLIST_KEY_NSPhotoLibraryAddUsageDescription = "This app requires photo library access to function properly.";
				INFOPLIST_KEY_NSPhotoLibraryUsageDescription = "This app requires used Image to function properly.";
				INFOPLIST_KEY_UIApplicationSupportsIndirectInputEvents = YES;
				INFOPLIST_KEY_UILaunchStoryboardName = LaunchScreen;
				INFOPLIST_KEY_UIMainStoryboardFile = Main;
				INFOPLIST_KEY_UISupportedInterfaceOrientations = UIInterfaceOrientationPortrait;
				IPHONEOS_DEPLOYMENT_TARGET = 15.0;
				LD_RUNPATH_SEARCH_PATHS = (
					"$(inherited)",
					"@executable_path/Frameworks",
				);
				MARKETING_VERSION = 1.0.0;
				PRODUCT_BUNDLE_IDENTIFIER = flex.FlexStoryEmpty;
				PRODUCT_NAME = "$(TARGET_NAME)";
				PROVISIONING_PROFILE_SPECIFIER = "";
				SWIFT_EMIT_LOC_STRINGS = YES;
				SWIFT_VERSION = 5.0;
				TARGETED_DEVICE_FAMILY = "1,2";
			};
			name = Release;
		};
		26B277EE2859AA0500CFCB30 /* Debug */ = {
			isa = XCBuildConfiguration;
			baseConfigurationReference = ECE5C2FB4ED6A7309157013B /* Pods-FlexStoryTests.debug.xcconfig */;
			buildSettings = {
				ALWAYS_EMBED_SWIFT_STANDARD_LIBRARIES = "$(inherited)";
				BUNDLE_LOADER = "$(TEST_HOST)";
				CODE_SIGN_STYLE = Automatic;
				CURRENT_PROJECT_VERSION = 1;
				DEVELOPMENT_TEAM = 6K4SJ5855G;
				GENERATE_INFOPLIST_FILE = YES;
				IPHONEOS_DEPLOYMENT_TARGET = 15.5;
				MARKETING_VERSION = 1.0;
				PRODUCT_BUNDLE_IDENTIFIER = FlexStory.FlexStoryTests;
				PRODUCT_NAME = "$(TARGET_NAME)";
				SWIFT_EMIT_LOC_STRINGS = NO;
				SWIFT_VERSION = 5.0;
				TARGETED_DEVICE_FAMILY = "1,2";
				TEST_HOST = "$(BUILT_PRODUCTS_DIR)/FlexStory.app/FlexStory";
			};
			name = Debug;
		};
		26B277EF2859AA0500CFCB30 /* Release */ = {
			isa = XCBuildConfiguration;
			baseConfigurationReference = BFAAB27CB73CAD6985D86BE1 /* Pods-FlexStoryTests.release.xcconfig */;
			buildSettings = {
				ALWAYS_EMBED_SWIFT_STANDARD_LIBRARIES = "$(inherited)";
				BUNDLE_LOADER = "$(TEST_HOST)";
				CODE_SIGN_STYLE = Automatic;
				CURRENT_PROJECT_VERSION = 1;
				DEVELOPMENT_TEAM = 6K4SJ5855G;
				GENERATE_INFOPLIST_FILE = YES;
				IPHONEOS_DEPLOYMENT_TARGET = 15.5;
				MARKETING_VERSION = 1.0;
				PRODUCT_BUNDLE_IDENTIFIER = FlexStory.FlexStoryTests;
				PRODUCT_NAME = "$(TARGET_NAME)";
				SWIFT_EMIT_LOC_STRINGS = NO;
				SWIFT_VERSION = 5.0;
				TARGETED_DEVICE_FAMILY = "1,2";
				TEST_HOST = "$(BUILT_PRODUCTS_DIR)/FlexStory.app/FlexStory";
			};
			name = Release;
		};
		26B277F12859AA0500CFCB30 /* Debug */ = {
			isa = XCBuildConfiguration;
			baseConfigurationReference = 0523142DB1F081E9084EC807 /* Pods-FlexStory-FlexStoryUITests.debug.xcconfig */;
			buildSettings = {
				ALWAYS_EMBED_SWIFT_STANDARD_LIBRARIES = "$(inherited)";
				CODE_SIGN_STYLE = Automatic;
				CURRENT_PROJECT_VERSION = 1;
				DEVELOPMENT_TEAM = 6K4SJ5855G;
				GENERATE_INFOPLIST_FILE = YES;
				MARKETING_VERSION = 1.0;
				PRODUCT_BUNDLE_IDENTIFIER = FlexStory.FlexStoryUITests;
				PRODUCT_NAME = "$(TARGET_NAME)";
				SWIFT_EMIT_LOC_STRINGS = NO;
				SWIFT_VERSION = 5.0;
				TARGETED_DEVICE_FAMILY = "1,2";
				TEST_TARGET_NAME = FlexStory;
			};
			name = Debug;
		};
		26B277F22859AA0500CFCB30 /* Release */ = {
			isa = XCBuildConfiguration;
			baseConfigurationReference = B4E4BFD7B9103EF7508023E4 /* Pods-FlexStory-FlexStoryUITests.release.xcconfig */;
			buildSettings = {
				ALWAYS_EMBED_SWIFT_STANDARD_LIBRARIES = "$(inherited)";
				CODE_SIGN_STYLE = Automatic;
				CURRENT_PROJECT_VERSION = 1;
				DEVELOPMENT_TEAM = 6K4SJ5855G;
				GENERATE_INFOPLIST_FILE = YES;
				MARKETING_VERSION = 1.0;
				PRODUCT_BUNDLE_IDENTIFIER = FlexStory.FlexStoryUITests;
				PRODUCT_NAME = "$(TARGET_NAME)";
				SWIFT_EMIT_LOC_STRINGS = NO;
				SWIFT_VERSION = 5.0;
				TARGETED_DEVICE_FAMILY = "1,2";
				TEST_TARGET_NAME = FlexStory;
			};
			name = Release;
		};
/* End XCBuildConfiguration section */

/* Begin XCConfigurationList section */
		26B277BB2859AA0300CFCB30 /* Build configuration list for PBXProject "FlexStory" */ = {
			isa = XCConfigurationList;
			buildConfigurations = (
				26B277E82859AA0500CFCB30 /* Debug */,
				26B277E92859AA0500CFCB30 /* Release */,
			);
			defaultConfigurationIsVisible = 0;
			defaultConfigurationName = Release;
		};
		26B277EA2859AA0500CFCB30 /* Build configuration list for PBXNativeTarget "FlexStory" */ = {
			isa = XCConfigurationList;
			buildConfigurations = (
				26B277EB2859AA0500CFCB30 /* Debug */,
				26B277EC2859AA0500CFCB30 /* Release */,
			);
			defaultConfigurationIsVisible = 0;
			defaultConfigurationName = Release;
		};
		26B277ED2859AA0500CFCB30 /* Build configuration list for PBXNativeTarget "FlexStoryTests" */ = {
			isa = XCConfigurationList;
			buildConfigurations = (
				26B277EE2859AA0500CFCB30 /* Debug */,
				26B277EF2859AA0500CFCB30 /* Release */,
			);
			defaultConfigurationIsVisible = 0;
			defaultConfigurationName = Release;
		};
		26B277F02859AA0500CFCB30 /* Build configuration list for PBXNativeTarget "FlexStoryUITests" */ = {
			isa = XCConfigurationList;
			buildConfigurations = (
				26B277F12859AA0500CFCB30 /* Debug */,
				26B277F22859AA0500CFCB30 /* Release */,
			);
			defaultConfigurationIsVisible = 0;
			defaultConfigurationName = Release;
		};
/* End XCConfigurationList section */
	};
	rootObject = 26B277B82859AA0300CFCB30 /* Project object */;
}
